// !$*UTF8*$!
{
	archiveVersion = 1;
	classes = {
	};
	objectVersion = 56;
	objects = {

/* Begin PBXBuildFile section */
		680CA62F2B98CE5C009CED5E /* RootView.swift in Sources */ = {isa = PBXBuildFile; fileRef = 680CA62E2B98CE5C009CED5E /* RootView.swift */; };
		683CE7B32BA04CDD009F4922 /* Color+Extension.swift in Sources */ = {isa = PBXBuildFile; fileRef = 683CE7B22BA04CDD009F4922 /* Color+Extension.swift */; };
		683CE7B52BA05583009F4922 /* AuthManager.swift in Sources */ = {isa = PBXBuildFile; fileRef = 683CE7B42BA05583009F4922 /* AuthManager.swift */; };
		686D9CED2BA21D1200CDEA82 /* HomeInteractor.swift in Sources */ = {isa = PBXBuildFile; fileRef = 686D9CEC2BA21D1200CDEA82 /* HomeInteractor.swift */; };
		686D9CEF2BA21D1E00CDEA82 /* HomePresenter.swift in Sources */ = {isa = PBXBuildFile; fileRef = 686D9CEE2BA21D1E00CDEA82 /* HomePresenter.swift */; };
		686D9CF12BA21D2900CDEA82 /* HomeModels.swift in Sources */ = {isa = PBXBuildFile; fileRef = 686D9CF02BA21D2900CDEA82 /* HomeModels.swift */; };
		686D9CF32BA21ED400CDEA82 /* HomeConfigurator.swift in Sources */ = {isa = PBXBuildFile; fileRef = 686D9CF22BA21ED400CDEA82 /* HomeConfigurator.swift */; };
		686D9CF52BA2FD6C00CDEA82 /* LoginViewModel.swift in Sources */ = {isa = PBXBuildFile; fileRef = 686D9CF42BA2FD6C00CDEA82 /* LoginViewModel.swift */; };
		686D9CF72BA2FD9A00CDEA82 /* LoginConfigurator.swift in Sources */ = {isa = PBXBuildFile; fileRef = 686D9CF62BA2FD9A00CDEA82 /* LoginConfigurator.swift */; };
		686D9CFA2BA33D0600CDEA82 /* SignupView.swift in Sources */ = {isa = PBXBuildFile; fileRef = 686D9CF92BA33D0600CDEA82 /* SignupView.swift */; };
		686D9CFC2BA33D1800CDEA82 /* SignupInteractor.swift in Sources */ = {isa = PBXBuildFile; fileRef = 686D9CFB2BA33D1800CDEA82 /* SignupInteractor.swift */; };
		686D9CFE2BA33D2500CDEA82 /* SignupPresenter.swift in Sources */ = {isa = PBXBuildFile; fileRef = 686D9CFD2BA33D2500CDEA82 /* SignupPresenter.swift */; };
		686D9D002BA33D3000CDEA82 /* SignupModels.swift in Sources */ = {isa = PBXBuildFile; fileRef = 686D9CFF2BA33D3000CDEA82 /* SignupModels.swift */; };
		686D9D022BA33D3B00CDEA82 /* SignupViewModel.swift in Sources */ = {isa = PBXBuildFile; fileRef = 686D9D012BA33D3B00CDEA82 /* SignupViewModel.swift */; };
		686D9D042BA33D4B00CDEA82 /* SignupConfigurator.swift in Sources */ = {isa = PBXBuildFile; fileRef = 686D9D032BA33D4B00CDEA82 /* SignupConfigurator.swift */; };
		686D9D062BA3439300CDEA82 /* HomeViewModel.swift in Sources */ = {isa = PBXBuildFile; fileRef = 686D9D052BA3439300CDEA82 /* HomeViewModel.swift */; };
		686D9D0B2BA4242900CDEA82 /* View+Extension.swift in Sources */ = {isa = PBXBuildFile; fileRef = 686D9D0A2BA4242900CDEA82 /* View+Extension.swift */; };
		686D9D0F2BA4636300CDEA82 /* AboutModels.swift in Sources */ = {isa = PBXBuildFile; fileRef = 686D9D0E2BA4636300CDEA82 /* AboutModels.swift */; };
		686D9D112BA4637600CDEA82 /* AboutView.swift in Sources */ = {isa = PBXBuildFile; fileRef = 686D9D102BA4637600CDEA82 /* AboutView.swift */; };
		686D9D142BA463F500CDEA82 /* SettingsView.swift in Sources */ = {isa = PBXBuildFile; fileRef = 686D9D132BA463F500CDEA82 /* SettingsView.swift */; };
		686D9D172BA4643600CDEA82 /* ThemeChangerModels.swift in Sources */ = {isa = PBXBuildFile; fileRef = 686D9D162BA4643600CDEA82 /* ThemeChangerModels.swift */; };
		686D9D192BA4644C00CDEA82 /* ThemeChangerView.swift in Sources */ = {isa = PBXBuildFile; fileRef = 686D9D182BA4644C00CDEA82 /* ThemeChangerView.swift */; };
		686D9D1D2BA47B6F00CDEA82 /* OnboardingSlideModels.swift in Sources */ = {isa = PBXBuildFile; fileRef = 686D9D1C2BA47B6F00CDEA82 /* OnboardingSlideModels.swift */; };
		686D9D202BA47B9B00CDEA82 /* OnboardingSlideView.swift in Sources */ = {isa = PBXBuildFile; fileRef = 686D9D1F2BA47B9B00CDEA82 /* OnboardingSlideView.swift */; };
		686D9D222BA47BB200CDEA82 /* OnboardingView.swift in Sources */ = {isa = PBXBuildFile; fileRef = 686D9D212BA47BB200CDEA82 /* OnboardingView.swift */; };
		687E408E2B97661B00CE59BF /* RegexRApp.swift in Sources */ = {isa = PBXBuildFile; fileRef = 687E408D2B97661B00CE59BF /* RegexRApp.swift */; };
		687E40942B97661D00CE59BF /* Assets.xcassets in Resources */ = {isa = PBXBuildFile; fileRef = 687E40932B97661D00CE59BF /* Assets.xcassets */; };
		687E40972B97661D00CE59BF /* Preview Assets.xcassets in Resources */ = {isa = PBXBuildFile; fileRef = 687E40962B97661D00CE59BF /* Preview Assets.xcassets */; };
		687E40A22B97698C00CE59BF /* LoginView.swift in Sources */ = {isa = PBXBuildFile; fileRef = 687E40A12B97698C00CE59BF /* LoginView.swift */; };
		687E40A42B9769DA00CE59BF /* LoginInteractor.swift in Sources */ = {isa = PBXBuildFile; fileRef = 687E40A32B9769DA00CE59BF /* LoginInteractor.swift */; };
		687E40A62B976A0600CE59BF /* LoginPresenter.swift in Sources */ = {isa = PBXBuildFile; fileRef = 687E40A52B976A0600CE59BF /* LoginPresenter.swift */; };
		687E40A82B976A2100CE59BF /* LoginModels.swift in Sources */ = {isa = PBXBuildFile; fileRef = 687E40A72B976A2100CE59BF /* LoginModels.swift */; };
		687E40AC2B977EFF00CE59BF /* UserModel.swift in Sources */ = {isa = PBXBuildFile; fileRef = 687E40AB2B977EFF00CE59BF /* UserModel.swift */; };
		687E40B12B978CA000CE59BF /* CommonConstants.swift in Sources */ = {isa = PBXBuildFile; fileRef = 687E40B02B978CA000CE59BF /* CommonConstants.swift */; };
		687E40B42B97908500CE59BF /* HTTPTypes in Frameworks */ = {isa = PBXBuildFile; productRef = 687E40B32B97908500CE59BF /* HTTPTypes */; };
		687E40B62B97908500CE59BF /* HTTPTypesFoundation in Frameworks */ = {isa = PBXBuildFile; productRef = 687E40B52B97908500CE59BF /* HTTPTypesFoundation */; };
		687E40B92B97AE8500CE59BF /* HomeView.swift in Sources */ = {isa = PBXBuildFile; fileRef = 687E40B82B97AE8500CE59BF /* HomeView.swift */; };
/* End PBXBuildFile section */

/* Begin PBXFileReference section */
		680CA62E2B98CE5C009CED5E /* RootView.swift */ = {isa = PBXFileReference; lastKnownFileType = sourcecode.swift; path = RootView.swift; sourceTree = "<group>"; };
		683CE7B22BA04CDD009F4922 /* Color+Extension.swift */ = {isa = PBXFileReference; lastKnownFileType = sourcecode.swift; path = "Color+Extension.swift"; sourceTree = "<group>"; };
		683CE7B42BA05583009F4922 /* AuthManager.swift */ = {isa = PBXFileReference; lastKnownFileType = sourcecode.swift; path = AuthManager.swift; sourceTree = "<group>"; };
		686D9CEC2BA21D1200CDEA82 /* HomeInteractor.swift */ = {isa = PBXFileReference; lastKnownFileType = sourcecode.swift; path = HomeInteractor.swift; sourceTree = "<group>"; };
		686D9CEE2BA21D1E00CDEA82 /* HomePresenter.swift */ = {isa = PBXFileReference; lastKnownFileType = sourcecode.swift; path = HomePresenter.swift; sourceTree = "<group>"; };
		686D9CF02BA21D2900CDEA82 /* HomeModels.swift */ = {isa = PBXFileReference; lastKnownFileType = sourcecode.swift; path = HomeModels.swift; sourceTree = "<group>"; };
		686D9CF22BA21ED400CDEA82 /* HomeConfigurator.swift */ = {isa = PBXFileReference; lastKnownFileType = sourcecode.swift; path = HomeConfigurator.swift; sourceTree = "<group>"; };
		686D9CF42BA2FD6C00CDEA82 /* LoginViewModel.swift */ = {isa = PBXFileReference; lastKnownFileType = sourcecode.swift; path = LoginViewModel.swift; sourceTree = "<group>"; };
		686D9CF62BA2FD9A00CDEA82 /* LoginConfigurator.swift */ = {isa = PBXFileReference; lastKnownFileType = sourcecode.swift; path = LoginConfigurator.swift; sourceTree = "<group>"; };
		686D9CF92BA33D0600CDEA82 /* SignupView.swift */ = {isa = PBXFileReference; lastKnownFileType = sourcecode.swift; path = SignupView.swift; sourceTree = "<group>"; };
		686D9CFB2BA33D1800CDEA82 /* SignupInteractor.swift */ = {isa = PBXFileReference; lastKnownFileType = sourcecode.swift; path = SignupInteractor.swift; sourceTree = "<group>"; };
		686D9CFD2BA33D2500CDEA82 /* SignupPresenter.swift */ = {isa = PBXFileReference; lastKnownFileType = sourcecode.swift; path = SignupPresenter.swift; sourceTree = "<group>"; };
		686D9CFF2BA33D3000CDEA82 /* SignupModels.swift */ = {isa = PBXFileReference; lastKnownFileType = sourcecode.swift; path = SignupModels.swift; sourceTree = "<group>"; };
		686D9D012BA33D3B00CDEA82 /* SignupViewModel.swift */ = {isa = PBXFileReference; lastKnownFileType = sourcecode.swift; path = SignupViewModel.swift; sourceTree = "<group>"; };
		686D9D032BA33D4B00CDEA82 /* SignupConfigurator.swift */ = {isa = PBXFileReference; lastKnownFileType = sourcecode.swift; path = SignupConfigurator.swift; sourceTree = "<group>"; };
		686D9D052BA3439300CDEA82 /* HomeViewModel.swift */ = {isa = PBXFileReference; lastKnownFileType = sourcecode.swift; path = HomeViewModel.swift; sourceTree = "<group>"; };
		686D9D0A2BA4242900CDEA82 /* View+Extension.swift */ = {isa = PBXFileReference; lastKnownFileType = sourcecode.swift; path = "View+Extension.swift"; sourceTree = "<group>"; };
		686D9D0E2BA4636300CDEA82 /* AboutModels.swift */ = {isa = PBXFileReference; lastKnownFileType = sourcecode.swift; path = AboutModels.swift; sourceTree = "<group>"; };
		686D9D102BA4637600CDEA82 /* AboutView.swift */ = {isa = PBXFileReference; lastKnownFileType = sourcecode.swift; path = AboutView.swift; sourceTree = "<group>"; };
		686D9D132BA463F500CDEA82 /* SettingsView.swift */ = {isa = PBXFileReference; lastKnownFileType = sourcecode.swift; path = SettingsView.swift; sourceTree = "<group>"; };
		686D9D162BA4643600CDEA82 /* ThemeChangerModels.swift */ = {isa = PBXFileReference; lastKnownFileType = sourcecode.swift; path = ThemeChangerModels.swift; sourceTree = "<group>"; };
		686D9D182BA4644C00CDEA82 /* ThemeChangerView.swift */ = {isa = PBXFileReference; lastKnownFileType = sourcecode.swift; path = ThemeChangerView.swift; sourceTree = "<group>"; };
		686D9D1A2BA4787F00CDEA82 /* Info.plist */ = {isa = PBXFileReference; lastKnownFileType = text.plist; path = Info.plist; sourceTree = "<group>"; };
		686D9D1C2BA47B6F00CDEA82 /* OnboardingSlideModels.swift */ = {isa = PBXFileReference; lastKnownFileType = sourcecode.swift; path = OnboardingSlideModels.swift; sourceTree = "<group>"; };
		686D9D1F2BA47B9B00CDEA82 /* OnboardingSlideView.swift */ = {isa = PBXFileReference; lastKnownFileType = sourcecode.swift; path = OnboardingSlideView.swift; sourceTree = "<group>"; };
		686D9D212BA47BB200CDEA82 /* OnboardingView.swift */ = {isa = PBXFileReference; lastKnownFileType = sourcecode.swift; path = OnboardingView.swift; sourceTree = "<group>"; };
		687E408A2B97661B00CE59BF /* RegexR.app */ = {isa = PBXFileReference; explicitFileType = wrapper.application; includeInIndex = 0; path = RegexR.app; sourceTree = BUILT_PRODUCTS_DIR; };
		687E408D2B97661B00CE59BF /* RegexRApp.swift */ = {isa = PBXFileReference; lastKnownFileType = sourcecode.swift; path = RegexRApp.swift; sourceTree = "<group>"; };
		687E40932B97661D00CE59BF /* Assets.xcassets */ = {isa = PBXFileReference; lastKnownFileType = folder.assetcatalog; path = Assets.xcassets; sourceTree = "<group>"; };
		687E40962B97661D00CE59BF /* Preview Assets.xcassets */ = {isa = PBXFileReference; lastKnownFileType = folder.assetcatalog; path = "Preview Assets.xcassets"; sourceTree = "<group>"; };
		687E40A12B97698C00CE59BF /* LoginView.swift */ = {isa = PBXFileReference; lastKnownFileType = sourcecode.swift; path = LoginView.swift; sourceTree = "<group>"; };
		687E40A32B9769DA00CE59BF /* LoginInteractor.swift */ = {isa = PBXFileReference; lastKnownFileType = sourcecode.swift; path = LoginInteractor.swift; sourceTree = "<group>"; };
		687E40A52B976A0600CE59BF /* LoginPresenter.swift */ = {isa = PBXFileReference; lastKnownFileType = sourcecode.swift; path = LoginPresenter.swift; sourceTree = "<group>"; };
		687E40A72B976A2100CE59BF /* LoginModels.swift */ = {isa = PBXFileReference; lastKnownFileType = sourcecode.swift; path = LoginModels.swift; sourceTree = "<group>"; };
		687E40AB2B977EFF00CE59BF /* UserModel.swift */ = {isa = PBXFileReference; lastKnownFileType = sourcecode.swift; path = UserModel.swift; sourceTree = "<group>"; };
		687E40B02B978CA000CE59BF /* CommonConstants.swift */ = {isa = PBXFileReference; lastKnownFileType = sourcecode.swift; path = CommonConstants.swift; sourceTree = "<group>"; };
		687E40B82B97AE8500CE59BF /* HomeView.swift */ = {isa = PBXFileReference; lastKnownFileType = sourcecode.swift; path = HomeView.swift; sourceTree = "<group>"; };
/* End PBXFileReference section */

/* Begin PBXFrameworksBuildPhase section */
		687E40872B97661B00CE59BF /* Frameworks */ = {
			isa = PBXFrameworksBuildPhase;
			buildActionMask = 2147483647;
			files = (
				687E40B42B97908500CE59BF /* HTTPTypes in Frameworks */,
				687E40B62B97908500CE59BF /* HTTPTypesFoundation in Frameworks */,
			);
			runOnlyForDeploymentPostprocessing = 0;
		};
/* End PBXFrameworksBuildPhase section */

/* Begin PBXGroup section */
		680CA62D2B98CE45009CED5E /* RootView */ = {
			isa = PBXGroup;
			children = (
				680CA62E2B98CE5C009CED5E /* RootView.swift */,
			);
			path = RootView;
			sourceTree = "<group>";
		};
		683CE7B12BA04CC3009F4922 /* Extensions */ = {
			isa = PBXGroup;
			children = (
				683CE7B22BA04CDD009F4922 /* Color+Extension.swift */,
				686D9D0A2BA4242900CDEA82 /* View+Extension.swift */,
			);
			path = Extensions;
			sourceTree = "<group>";
		};
		686D9CF82BA33CC900CDEA82 /* SignupScreen */ = {
			isa = PBXGroup;
			children = (
				686D9CF92BA33D0600CDEA82 /* SignupView.swift */,
				686D9CFF2BA33D3000CDEA82 /* SignupModels.swift */,
				686D9CFB2BA33D1800CDEA82 /* SignupInteractor.swift */,
				686D9CFD2BA33D2500CDEA82 /* SignupPresenter.swift */,
				686D9D012BA33D3B00CDEA82 /* SignupViewModel.swift */,
				686D9D032BA33D4B00CDEA82 /* SignupConfigurator.swift */,
			);
			path = SignupScreen;
			sourceTree = "<group>";
		};
		686D9D0D2BA4634C00CDEA82 /* AboutScreen */ = {
			isa = PBXGroup;
			children = (
				686D9D0E2BA4636300CDEA82 /* AboutModels.swift */,
				686D9D102BA4637600CDEA82 /* AboutView.swift */,
			);
			path = AboutScreen;
			sourceTree = "<group>";
		};
		686D9D122BA463E200CDEA82 /* SettingsScreen */ = {
			isa = PBXGroup;
			children = (
				686D9D152BA4641100CDEA82 /* ThemeChanger */,
				686D9D132BA463F500CDEA82 /* SettingsView.swift */,
			);
			path = SettingsScreen;
			sourceTree = "<group>";
		};
		686D9D152BA4641100CDEA82 /* ThemeChanger */ = {
			isa = PBXGroup;
			children = (
				686D9D162BA4643600CDEA82 /* ThemeChangerModels.swift */,
				686D9D182BA4644C00CDEA82 /* ThemeChangerView.swift */,
			);
			path = ThemeChanger;
			sourceTree = "<group>";
		};
		686D9D1B2BA47B5000CDEA82 /* OnboardingScreen */ = {
			isa = PBXGroup;
			children = (
				686D9D1E2BA47B8000CDEA82 /* OnboardingSlide */,
				686D9D212BA47BB200CDEA82 /* OnboardingView.swift */,
			);
			path = OnboardingScreen;
			sourceTree = "<group>";
		};
		686D9D1E2BA47B8000CDEA82 /* OnboardingSlide */ = {
			isa = PBXGroup;
			children = (
				686D9D1C2BA47B6F00CDEA82 /* OnboardingSlideModels.swift */,
				686D9D1F2BA47B9B00CDEA82 /* OnboardingSlideView.swift */,
			);
			path = OnboardingSlide;
			sourceTree = "<group>";
		};
		687E40812B97661B00CE59BF = {
			isa = PBXGroup;
			children = (
				687E408C2B97661B00CE59BF /* RegexR */,
				687E408B2B97661B00CE59BF /* Products */,
			);
			sourceTree = "<group>";
		};
		687E408B2B97661B00CE59BF /* Products */ = {
			isa = PBXGroup;
			children = (
				687E408A2B97661B00CE59BF /* RegexR.app */,
			);
			name = Products;
			sourceTree = "<group>";
		};
		687E408C2B97661B00CE59BF /* RegexR */ = {
			isa = PBXGroup;
			children = (
				686D9D1A2BA4787F00CDEA82 /* Info.plist */,
				683CE7B12BA04CC3009F4922 /* Extensions */,
				687E40A92B977EBA00CE59BF /* Common */,
				687E409D2B97689800CE59BF /* Scenes */,
				687E408D2B97661B00CE59BF /* RegexRApp.swift */,
				687E40932B97661D00CE59BF /* Assets.xcassets */,
				687E40952B97661D00CE59BF /* Preview Content */,
			);
			path = RegexR;
			sourceTree = "<group>";
		};
		687E40952B97661D00CE59BF /* Preview Content */ = {
			isa = PBXGroup;
			children = (
				687E40962B97661D00CE59BF /* Preview Assets.xcassets */,
			);
			path = "Preview Content";
			sourceTree = "<group>";
		};
		687E409D2B97689800CE59BF /* Scenes */ = {
			isa = PBXGroup;
			children = (
				686D9D1B2BA47B5000CDEA82 /* OnboardingScreen */,
				686D9D122BA463E200CDEA82 /* SettingsScreen */,
				686D9D0D2BA4634C00CDEA82 /* AboutScreen */,
				680CA62D2B98CE45009CED5E /* RootView */,
				687E40B72B97AE4B00CE59BF /* HomeScreen */,
				687E409E2B9768A400CE59BF /* LoginScreen */,
				686D9CF82BA33CC900CDEA82 /* SignupScreen */,
			);
			path = Scenes;
			sourceTree = "<group>";
		};
		687E409E2B9768A400CE59BF /* LoginScreen */ = {
			isa = PBXGroup;
			children = (
				687E40A12B97698C00CE59BF /* LoginView.swift */,
				687E40A72B976A2100CE59BF /* LoginModels.swift */,
				687E40A32B9769DA00CE59BF /* LoginInteractor.swift */,
				687E40A52B976A0600CE59BF /* LoginPresenter.swift */,
				686D9CF42BA2FD6C00CDEA82 /* LoginViewModel.swift */,
				686D9CF62BA2FD9A00CDEA82 /* LoginConfigurator.swift */,
			);
			path = LoginScreen;
			sourceTree = "<group>";
		};
		687E40A92B977EBA00CE59BF /* Common */ = {
			isa = PBXGroup;
			children = (
				687E40AA2B977EE700CE59BF /* Entities */,
				687E40B02B978CA000CE59BF /* CommonConstants.swift */,
				683CE7B42BA05583009F4922 /* AuthManager.swift */,
			);
			path = Common;
			sourceTree = "<group>";
		};
		687E40AA2B977EE700CE59BF /* Entities */ = {
			isa = PBXGroup;
			children = (
				687E40AB2B977EFF00CE59BF /* UserModel.swift */,
			);
			path = Entities;
			sourceTree = "<group>";
		};
		687E40B72B97AE4B00CE59BF /* HomeScreen */ = {
			isa = PBXGroup;
			children = (
				687E40B82B97AE8500CE59BF /* HomeView.swift */,
				686D9CF02BA21D2900CDEA82 /* HomeModels.swift */,
				686D9CEC2BA21D1200CDEA82 /* HomeInteractor.swift */,
				686D9CEE2BA21D1E00CDEA82 /* HomePresenter.swift */,
				686D9D052BA3439300CDEA82 /* HomeViewModel.swift */,
				686D9CF22BA21ED400CDEA82 /* HomeConfigurator.swift */,
			);
			path = HomeScreen;
			sourceTree = "<group>";
		};
/* End PBXGroup section */

/* Begin PBXNativeTarget section */
		687E40892B97661B00CE59BF /* RegexR */ = {
			isa = PBXNativeTarget;
			buildConfigurationList = 687E409A2B97661D00CE59BF /* Build configuration list for PBXNativeTarget "RegexR" */;
			buildPhases = (
				687E40862B97661B00CE59BF /* Sources */,
				687E40872B97661B00CE59BF /* Frameworks */,
				687E40882B97661B00CE59BF /* Resources */,
			);
			buildRules = (
			);
			dependencies = (
			);
			name = RegexR;
			packageProductDependencies = (
				687E40B32B97908500CE59BF /* HTTPTypes */,
				687E40B52B97908500CE59BF /* HTTPTypesFoundation */,
			);
			productName = RegexR;
			productReference = 687E408A2B97661B00CE59BF /* RegexR.app */;
			productType = "com.apple.product-type.application";
		};
/* End PBXNativeTarget section */

/* Begin PBXProject section */
		687E40822B97661B00CE59BF /* Project object */ = {
			isa = PBXProject;
			attributes = {
				BuildIndependentTargetsInParallel = 1;
				LastSwiftUpdateCheck = 1520;
				LastUpgradeCheck = 1520;
				TargetAttributes = {
					687E40892B97661B00CE59BF = {
						CreatedOnToolsVersion = 15.2;
					};
				};
			};
			buildConfigurationList = 687E40852B97661B00CE59BF /* Build configuration list for PBXProject "RegexR" */;
			compatibilityVersion = "Xcode 14.0";
			developmentRegion = en;
			hasScannedForEncodings = 0;
			knownRegions = (
				en,
				Base,
			);
			mainGroup = 687E40812B97661B00CE59BF;
			packageReferences = (
				687E40B22B97908400CE59BF /* XCRemoteSwiftPackageReference "swift-http-types" */,
			);
			productRefGroup = 687E408B2B97661B00CE59BF /* Products */;
			projectDirPath = "";
			projectRoot = "";
			targets = (
				687E40892B97661B00CE59BF /* RegexR */,
			);
		};
/* End PBXProject section */

/* Begin PBXResourcesBuildPhase section */
		687E40882B97661B00CE59BF /* Resources */ = {
			isa = PBXResourcesBuildPhase;
			buildActionMask = 2147483647;
			files = (
				687E40972B97661D00CE59BF /* Preview Assets.xcassets in Resources */,
				687E40942B97661D00CE59BF /* Assets.xcassets in Resources */,
			);
			runOnlyForDeploymentPostprocessing = 0;
		};
/* End PBXResourcesBuildPhase section */

/* Begin PBXSourcesBuildPhase section */
		687E40862B97661B00CE59BF /* Sources */ = {
			isa = PBXSourcesBuildPhase;
			buildActionMask = 2147483647;
			files = (
				686D9CFA2BA33D0600CDEA82 /* SignupView.swift in Sources */,
				687E40A62B976A0600CE59BF /* LoginPresenter.swift in Sources */,
				686D9CF12BA21D2900CDEA82 /* HomeModels.swift in Sources */,
				686D9D202BA47B9B00CDEA82 /* OnboardingSlideView.swift in Sources */,
				683CE7B52BA05583009F4922 /* AuthManager.swift in Sources */,
				687E40A82B976A2100CE59BF /* LoginModels.swift in Sources */,
				686D9D0F2BA4636300CDEA82 /* AboutModels.swift in Sources */,
				686D9D172BA4643600CDEA82 /* ThemeChangerModels.swift in Sources */,
				687E40B12B978CA000CE59BF /* CommonConstants.swift in Sources */,
				686D9CFE2BA33D2500CDEA82 /* SignupPresenter.swift in Sources */,
				686D9D0B2BA4242900CDEA82 /* View+Extension.swift in Sources */,
				687E40A22B97698C00CE59BF /* LoginView.swift in Sources */,
				686D9CF72BA2FD9A00CDEA82 /* LoginConfigurator.swift in Sources */,
				687E40A42B9769DA00CE59BF /* LoginInteractor.swift in Sources */,
				686D9CFC2BA33D1800CDEA82 /* SignupInteractor.swift in Sources */,
				686D9CEF2BA21D1E00CDEA82 /* HomePresenter.swift in Sources */,
				686D9CED2BA21D1200CDEA82 /* HomeInteractor.swift in Sources */,
				686D9D002BA33D3000CDEA82 /* SignupModels.swift in Sources */,
				686D9CF52BA2FD6C00CDEA82 /* LoginViewModel.swift in Sources */,
				680CA62F2B98CE5C009CED5E /* RootView.swift in Sources */,
				686D9D022BA33D3B00CDEA82 /* SignupViewModel.swift in Sources */,
				686D9D222BA47BB200CDEA82 /* OnboardingView.swift in Sources */,
				686D9D042BA33D4B00CDEA82 /* SignupConfigurator.swift in Sources */,
				687E40B92B97AE8500CE59BF /* HomeView.swift in Sources */,
				686D9D142BA463F500CDEA82 /* SettingsView.swift in Sources */,
				686D9D062BA3439300CDEA82 /* HomeViewModel.swift in Sources */,
				686D9D112BA4637600CDEA82 /* AboutView.swift in Sources */,
				686D9D192BA4644C00CDEA82 /* ThemeChangerView.swift in Sources */,
				687E40AC2B977EFF00CE59BF /* UserModel.swift in Sources */,
				686D9D1D2BA47B6F00CDEA82 /* OnboardingSlideModels.swift in Sources */,
				686D9CF32BA21ED400CDEA82 /* HomeConfigurator.swift in Sources */,
				683CE7B32BA04CDD009F4922 /* Color+Extension.swift in Sources */,
				687E408E2B97661B00CE59BF /* RegexRApp.swift in Sources */,
			);
			runOnlyForDeploymentPostprocessing = 0;
		};
/* End PBXSourcesBuildPhase section */

/* Begin XCBuildConfiguration section */
		687E40982B97661D00CE59BF /* Debug */ = {
			isa = XCBuildConfiguration;
			buildSettings = {
				ALWAYS_SEARCH_USER_PATHS = NO;
				ASSETCATALOG_COMPILER_GENERATE_SWIFT_ASSET_SYMBOL_EXTENSIONS = YES;
				CLANG_ANALYZER_NONNULL = YES;
				CLANG_ANALYZER_NUMBER_OBJECT_CONVERSION = YES_AGGRESSIVE;
				CLANG_CXX_LANGUAGE_STANDARD = "gnu++20";
				CLANG_ENABLE_MODULES = YES;
				CLANG_ENABLE_OBJC_ARC = YES;
				CLANG_ENABLE_OBJC_WEAK = YES;
				CLANG_WARN_BLOCK_CAPTURE_AUTORELEASING = YES;
				CLANG_WARN_BOOL_CONVERSION = YES;
				CLANG_WARN_COMMA = YES;
				CLANG_WARN_CONSTANT_CONVERSION = YES;
				CLANG_WARN_DEPRECATED_OBJC_IMPLEMENTATIONS = YES;
				CLANG_WARN_DIRECT_OBJC_ISA_USAGE = YES_ERROR;
				CLANG_WARN_DOCUMENTATION_COMMENTS = YES;
				CLANG_WARN_EMPTY_BODY = YES;
				CLANG_WARN_ENUM_CONVERSION = YES;
				CLANG_WARN_INFINITE_RECURSION = YES;
				CLANG_WARN_INT_CONVERSION = YES;
				CLANG_WARN_NON_LITERAL_NULL_CONVERSION = YES;
				CLANG_WARN_OBJC_IMPLICIT_RETAIN_SELF = YES;
				CLANG_WARN_OBJC_LITERAL_CONVERSION = YES;
				CLANG_WARN_OBJC_ROOT_CLASS = YES_ERROR;
				CLANG_WARN_QUOTED_INCLUDE_IN_FRAMEWORK_HEADER = YES;
				CLANG_WARN_RANGE_LOOP_ANALYSIS = YES;
				CLANG_WARN_STRICT_PROTOTYPES = YES;
				CLANG_WARN_SUSPICIOUS_MOVE = YES;
				CLANG_WARN_UNGUARDED_AVAILABILITY = YES_AGGRESSIVE;
				CLANG_WARN_UNREACHABLE_CODE = YES;
				CLANG_WARN__DUPLICATE_METHOD_MATCH = YES;
				COPY_PHASE_STRIP = NO;
				DEBUG_INFORMATION_FORMAT = dwarf;
				ENABLE_STRICT_OBJC_MSGSEND = YES;
				ENABLE_TESTABILITY = YES;
				ENABLE_USER_SCRIPT_SANDBOXING = YES;
				GCC_C_LANGUAGE_STANDARD = gnu17;
				GCC_DYNAMIC_NO_PIC = NO;
				GCC_NO_COMMON_BLOCKS = YES;
				GCC_OPTIMIZATION_LEVEL = 0;
				GCC_PREPROCESSOR_DEFINITIONS = (
					"DEBUG=1",
					"$(inherited)",
				);
				GCC_WARN_64_TO_32_BIT_CONVERSION = YES;
				GCC_WARN_ABOUT_RETURN_TYPE = YES_ERROR;
				GCC_WARN_UNDECLARED_SELECTOR = YES;
				GCC_WARN_UNINITIALIZED_AUTOS = YES_AGGRESSIVE;
				GCC_WARN_UNUSED_FUNCTION = YES;
				GCC_WARN_UNUSED_VARIABLE = YES;
				IPHONEOS_DEPLOYMENT_TARGET = 17.2;
				LOCALIZATION_PREFERS_STRING_CATALOGS = YES;
				MTL_ENABLE_DEBUG_INFO = INCLUDE_SOURCE;
				MTL_FAST_MATH = YES;
				ONLY_ACTIVE_ARCH = YES;
				SDKROOT = iphoneos;
				SWIFT_ACTIVE_COMPILATION_CONDITIONS = "DEBUG $(inherited)";
				SWIFT_OPTIMIZATION_LEVEL = "-Onone";
			};
			name = Debug;
		};
		687E40992B97661D00CE59BF /* Release */ = {
			isa = XCBuildConfiguration;
			buildSettings = {
				ALWAYS_SEARCH_USER_PATHS = NO;
				ASSETCATALOG_COMPILER_GENERATE_SWIFT_ASSET_SYMBOL_EXTENSIONS = YES;
				CLANG_ANALYZER_NONNULL = YES;
				CLANG_ANALYZER_NUMBER_OBJECT_CONVERSION = YES_AGGRESSIVE;
				CLANG_CXX_LANGUAGE_STANDARD = "gnu++20";
				CLANG_ENABLE_MODULES = YES;
				CLANG_ENABLE_OBJC_ARC = YES;
				CLANG_ENABLE_OBJC_WEAK = YES;
				CLANG_WARN_BLOCK_CAPTURE_AUTORELEASING = YES;
				CLANG_WARN_BOOL_CONVERSION = YES;
				CLANG_WARN_COMMA = YES;
				CLANG_WARN_CONSTANT_CONVERSION = YES;
				CLANG_WARN_DEPRECATED_OBJC_IMPLEMENTATIONS = YES;
				CLANG_WARN_DIRECT_OBJC_ISA_USAGE = YES_ERROR;
				CLANG_WARN_DOCUMENTATION_COMMENTS = YES;
				CLANG_WARN_EMPTY_BODY = YES;
				CLANG_WARN_ENUM_CONVERSION = YES;
				CLANG_WARN_INFINITE_RECURSION = YES;
				CLANG_WARN_INT_CONVERSION = YES;
				CLANG_WARN_NON_LITERAL_NULL_CONVERSION = YES;
				CLANG_WARN_OBJC_IMPLICIT_RETAIN_SELF = YES;
				CLANG_WARN_OBJC_LITERAL_CONVERSION = YES;
				CLANG_WARN_OBJC_ROOT_CLASS = YES_ERROR;
				CLANG_WARN_QUOTED_INCLUDE_IN_FRAMEWORK_HEADER = YES;
				CLANG_WARN_RANGE_LOOP_ANALYSIS = YES;
				CLANG_WARN_STRICT_PROTOTYPES = YES;
				CLANG_WARN_SUSPICIOUS_MOVE = YES;
				CLANG_WARN_UNGUARDED_AVAILABILITY = YES_AGGRESSIVE;
				CLANG_WARN_UNREACHABLE_CODE = YES;
				CLANG_WARN__DUPLICATE_METHOD_MATCH = YES;
				COPY_PHASE_STRIP = NO;
				DEBUG_INFORMATION_FORMAT = "dwarf-with-dsym";
				ENABLE_NS_ASSERTIONS = NO;
				ENABLE_STRICT_OBJC_MSGSEND = YES;
				ENABLE_USER_SCRIPT_SANDBOXING = YES;
				GCC_C_LANGUAGE_STANDARD = gnu17;
				GCC_NO_COMMON_BLOCKS = YES;
				GCC_WARN_64_TO_32_BIT_CONVERSION = YES;
				GCC_WARN_ABOUT_RETURN_TYPE = YES_ERROR;
				GCC_WARN_UNDECLARED_SELECTOR = YES;
				GCC_WARN_UNINITIALIZED_AUTOS = YES_AGGRESSIVE;
				GCC_WARN_UNUSED_FUNCTION = YES;
				GCC_WARN_UNUSED_VARIABLE = YES;
				IPHONEOS_DEPLOYMENT_TARGET = 17.2;
				LOCALIZATION_PREFERS_STRING_CATALOGS = YES;
				MTL_ENABLE_DEBUG_INFO = NO;
				MTL_FAST_MATH = YES;
				SDKROOT = iphoneos;
				SWIFT_COMPILATION_MODE = wholemodule;
				VALIDATE_PRODUCT = YES;
			};
			name = Release;
		};
		687E409B2B97661D00CE59BF /* Debug */ = {
			isa = XCBuildConfiguration;
			buildSettings = {
				ASSETCATALOG_COMPILER_APPICON_NAME = AppIcon;
				ASSETCATALOG_COMPILER_GLOBAL_ACCENT_COLOR_NAME = AccentColor;
				CODE_SIGN_STYLE = Automatic;
				CURRENT_PROJECT_VERSION = 1;
				DEVELOPMENT_ASSET_PATHS = "\"RegexR/Preview Content\"";
				DEVELOPMENT_TEAM = 48V6X73779;
				ENABLE_PREVIEWS = YES;
				GENERATE_INFOPLIST_FILE = YES;
				INFOPLIST_FILE = RegexR/Info.plist;
				INFOPLIST_KEY_LSApplicationCategoryType = i386;
				INFOPLIST_KEY_UIApplicationSceneManifest_Generation = YES;
				INFOPLIST_KEY_UIApplicationSupportsIndirectInputEvents = YES;
				INFOPLIST_KEY_UILaunchScreen_Generation = YES;
				INFOPLIST_KEY_UISupportedInterfaceOrientations = UIInterfaceOrientationPortrait;
				INFOPLIST_KEY_UISupportedInterfaceOrientations_iPad = "UIInterfaceOrientationPortrait UIInterfaceOrientationPortraitUpsideDown";
				IPHONEOS_DEPLOYMENT_TARGET = 17.4;
				LD_RUNPATH_SEARCH_PATHS = (
					"$(inherited)",
					"@executable_path/Frameworks",
				);
				MARKETING_VERSION = 1.0;
				PRODUCT_BUNDLE_IDENTIFIER = dev.ambassador4ik.RegexR;
				PRODUCT_NAME = "$(TARGET_NAME)";
				SWIFT_EMIT_LOC_STRINGS = YES;
				SWIFT_VERSION = 5.0;
				TARGETED_DEVICE_FAMILY = "1,2";
			};
			name = Debug;
		};
		687E409C2B97661D00CE59BF /* Release */ = {
			isa = XCBuildConfiguration;
			buildSettings = {
				ASSETCATALOG_COMPILER_APPICON_NAME = AppIcon;
				ASSETCATALOG_COMPILER_GLOBAL_ACCENT_COLOR_NAME = AccentColor;
				CODE_SIGN_STYLE = Automatic;
				CURRENT_PROJECT_VERSION = 1;
				DEVELOPMENT_ASSET_PATHS = "\"RegexR/Preview Content\"";
				DEVELOPMENT_TEAM = 48V6X73779;
				ENABLE_PREVIEWS = YES;
				GENERATE_INFOPLIST_FILE = YES;
				INFOPLIST_FILE = RegexR/Info.plist;
				INFOPLIST_KEY_LSApplicationCategoryType = i386;
				INFOPLIST_KEY_UIApplicationSceneManifest_Generation = YES;
				INFOPLIST_KEY_UIApplicationSupportsIndirectInputEvents = YES;
				INFOPLIST_KEY_UILaunchScreen_Generation = YES;
				INFOPLIST_KEY_UISupportedInterfaceOrientations = UIInterfaceOrientationPortrait;
				INFOPLIST_KEY_UISupportedInterfaceOrientations_iPad = "UIInterfaceOrientationPortrait UIInterfaceOrientationPortraitUpsideDown";
				IPHONEOS_DEPLOYMENT_TARGET = 17.4;
				LD_RUNPATH_SEARCH_PATHS = (
					"$(inherited)",
					"@executable_path/Frameworks",
				);
				MARKETING_VERSION = 1.0;
				PRODUCT_BUNDLE_IDENTIFIER = dev.ambassador4ik.RegexR;
				PRODUCT_NAME = "$(TARGET_NAME)";
				SWIFT_EMIT_LOC_STRINGS = YES;
				SWIFT_VERSION = 5.0;
				TARGETED_DEVICE_FAMILY = "1,2";
			};
			name = Release;
		};
/* End XCBuildConfiguration section */

/* Begin XCConfigurationList section */
		687E40852B97661B00CE59BF /* Build configuration list for PBXProject "RegexR" */ = {
			isa = XCConfigurationList;
			buildConfigurations = (
				687E40982B97661D00CE59BF /* Debug */,
				687E40992B97661D00CE59BF /* Release */,
			);
			defaultConfigurationIsVisible = 0;
			defaultConfigurationName = Release;
		};
		687E409A2B97661D00CE59BF /* Build configuration list for PBXNativeTarget "RegexR" */ = {
			isa = XCConfigurationList;
			buildConfigurations = (
				687E409B2B97661D00CE59BF /* Debug */,
				687E409C2B97661D00CE59BF /* Release */,
			);
			defaultConfigurationIsVisible = 0;
			defaultConfigurationName = Release;
		};
/* End XCConfigurationList section */

/* Begin XCRemoteSwiftPackageReference section */
		687E40B22B97908400CE59BF /* XCRemoteSwiftPackageReference "swift-http-types" */ = {
			isa = XCRemoteSwiftPackageReference;
			repositoryURL = "https://github.com/apple/swift-http-types.git";
			requirement = {
				kind = upToNextMajorVersion;
				minimumVersion = 1.0.3;
			};
		};
/* End XCRemoteSwiftPackageReference section */

/* Begin XCSwiftPackageProductDependency section */
		687E40B32B97908500CE59BF /* HTTPTypes */ = {
			isa = XCSwiftPackageProductDependency;
			package = 687E40B22B97908400CE59BF /* XCRemoteSwiftPackageReference "swift-http-types" */;
			productName = HTTPTypes;
		};
		687E40B52B97908500CE59BF /* HTTPTypesFoundation */ = {
			isa = XCSwiftPackageProductDependency;
			package = 687E40B22B97908400CE59BF /* XCRemoteSwiftPackageReference "swift-http-types" */;
			productName = HTTPTypesFoundation;
		};
/* End XCSwiftPackageProductDependency section */
	};
	rootObject = 687E40822B97661B00CE59BF /* Project object */;
}
